Microsoft Visual Studio Solution File, Format Version 11.00
# Visual Studio 2008

Project("{9F6DFE52-3FE4-443D-3F1E-766AEFB11230}") = "CSCE487-Project2", "Assembly-CSharp.csproj", "{FE298235-A76A-38E4-DC2C-2E0E449AB187}"
EndProject
Global
	GlobalSection(SolutionConfigurationPlatforms) = preSolution
		Debug|Any CPU = Debug|Any CPU
		Release|Any CPU = Release|Any CPU
	EndGlobalSection
	GlobalSection(ProjectConfigurationPlatforms) = postSolution
		{FE298235-A76A-38E4-DC2C-2E0E449AB187}.Debug|Any CPU.ActiveCfg = Debug|Any CPU
		{FE298235-A76A-38E4-DC2C-2E0E449AB187}.Debug|Any CPU.Build.0 = Debug|Any CPU
		{FE298235-A76A-38E4-DC2C-2E0E449AB187}.Release|Any CPU.ActiveCfg = Release|Any CPU
		{FE298235-A76A-38E4-DC2C-2E0E449AB187}.Release|Any CPU.Build.0 = Release|Any CPU
	EndGlobalSection
	GlobalSection(SolutionProperties) = preSolution
		HideSolutionNode = FALSE
	EndGlobalSection
	GlobalSection(MonoDevelopProperties) = preSolution
		StartupItem = Assembly-CSharp.csproj
	EndGlobalSection
EndGlobal
