Microsoft Visual Studio Solution File, Format Version 11.00
# Visual Studio 2008

Project("{02089B6A-C2C1-2EEC-27A4-659F5509F0C9}") = "TeleBots", "Assembly-CSharp.csproj", "{2C3122A9-6ED8-0F36-A8E3-F44BC6CEC039}"
EndProject
Global
	GlobalSection(SolutionConfigurationPlatforms) = preSolution
		Debug|Any CPU = Debug|Any CPU
		Release|Any CPU = Release|Any CPU
	EndGlobalSection
	GlobalSection(ProjectConfigurationPlatforms) = postSolution
		{2C3122A9-6ED8-0F36-A8E3-F44BC6CEC039}.Debug|Any CPU.ActiveCfg = Debug|Any CPU
		{2C3122A9-6ED8-0F36-A8E3-F44BC6CEC039}.Debug|Any CPU.Build.0 = Debug|Any CPU
		{2C3122A9-6ED8-0F36-A8E3-F44BC6CEC039}.Release|Any CPU.ActiveCfg = Release|Any CPU
		{2C3122A9-6ED8-0F36-A8E3-F44BC6CEC039}.Release|Any CPU.Build.0 = Release|Any CPU
	EndGlobalSection
	GlobalSection(SolutionProperties) = preSolution
		HideSolutionNode = FALSE
	EndGlobalSection
	GlobalSection(MonoDevelopProperties) = preSolution
		StartupItem = Assembly-CSharp.csproj
	EndGlobalSection
EndGlobal
